
Microsoft Visual Studio Solution File, Format Version 12.00
# Visual Studio Version 18
VisualStudioVersion = 18.6.11819.183
MinimumVisualStudioVersion = 10.0.40219.1
Project("{FAE04EC0-301F-11D3-BF4B-00C04F79EFBC}") = "StatisticService", "StatisticServiceAPI\StatisticService.csproj", "{68B72240-03A6-0841-3605-1354E139D17B}"
EndProject
Global
	GlobalSection(SolutionConfigurationPlatforms) = preSolution
		Debug|Any CPU = Debug|Any CPU
		Release|Any CPU = Release|Any CPU
	EndGlobalSection
	GlobalSection(ProjectConfigurationPlatforms) = postSolution
		{68B72240-03A6-0841-3605-1354E139D17B}.Debug|Any CPU.ActiveCfg = Debug|Any CPU
		{68B72240-03A6-0841-3605-1354E139D17B}.Debug|Any CPU.Build.0 = Debug|Any CPU
		{68B72240-03A6-0841-3605-1354E139D17B}.Release|Any CPU.ActiveCfg = Release|Any CPU
		{68B72240-03A6-0841-3605-1354E139D17B}.Release|Any CPU.Build.0 = Release|Any CPU
	EndGlobalSection
	GlobalSection(SolutionProperties) = preSolution
		HideSolutionNode = FALSE
	EndGlobalSection
	GlobalSection(ExtensibilityGlobals) = postSolution
		SolutionGuid = {4594C4F8-6ECA-4FFC-89A7-3A87010DBE27}
	EndGlobalSection
EndGlobal
